// !$*UTF8*$!
{
	archiveVersion = 1;
	classes = {
	};
	objectVersion = 50;
	objects = {

/* Begin PBXBuildFile section */
		24337B4426D337CE00A63473 /* CCColorPicker.m in Sources */ = {isa = PBXBuildFile; fileRef = 24337B4326D337CD00A63473 /* CCColorPicker.m */; };
		24337B4826D380C500A63473 /* CCTrackProtocol.m in Sources */ = {isa = PBXBuildFile; fileRef = 24337B4726D380C500A63473 /* CCTrackProtocol.m */; };
		24337B4B26D381D200A63473 /* CCCircleTrack.m in Sources */ = {isa = PBXBuildFile; fileRef = 24337B4A26D381D200A63473 /* CCCircleTrack.m */; };
		24337B4E26D3825500A63473 /* CCRingTrack.m in Sources */ = {isa = PBXBuildFile; fileRef = 24337B4D26D3825500A63473 /* CCRingTrack.m */; };
		24AF532F26CF7D7A004CC000 /* AppDelegate.m in Sources */ = {isa = PBXBuildFile; fileRef = 24AF532E26CF7D7A004CC000 /* AppDelegate.m */; };
		24AF533226CF7D7A004CC000 /* SceneDelegate.m in Sources */ = {isa = PBXBuildFile; fileRef = 24AF533126CF7D7A004CC000 /* SceneDelegate.m */; };
		24AF533526CF7D7A004CC000 /* ViewController.m in Sources */ = {isa = PBXBuildFile; fileRef = 24AF533426CF7D7A004CC000 /* ViewController.m */; };
		24AF533826CF7D7A004CC000 /* Main.storyboard in Resources */ = {isa = PBXBuildFile; fileRef = 24AF533626CF7D7A004CC000 /* Main.storyboard */; };
		24AF533A26CF7D7E004CC000 /* Assets.xcassets in Resources */ = {isa = PBXBuildFile; fileRef = 24AF533926CF7D7E004CC000 /* Assets.xcassets */; };
		24AF533D26CF7D7E004CC000 /* LaunchScreen.storyboard in Resources */ = {isa = PBXBuildFile; fileRef = 24AF533B26CF7D7E004CC000 /* LaunchScreen.storyboard */; };
		24AF534026CF7D7E004CC000 /* main.m in Sources */ = {isa = PBXBuildFile; fileRef = 24AF533F26CF7D7E004CC000 /* main.m */; };
		24AF534A26CF7D7E004CC000 /* CCUIKitTests.m in Sources */ = {isa = PBXBuildFile; fileRef = 24AF534926CF7D7E004CC000 /* CCUIKitTests.m */; };
		24AF535526CF7D7E004CC000 /* CCUIKitUITests.m in Sources */ = {isa = PBXBuildFile; fileRef = 24AF535426CF7D7E004CC000 /* CCUIKitUITests.m */; };
		24AF536426CF80B5004CC000 /* CCGradientRingLayer.m in Sources */ = {isa = PBXBuildFile; fileRef = 24AF536326CF80B5004CC000 /* CCGradientRingLayer.m */; };
/* End PBXBuildFile section */

/* Begin PBXContainerItemProxy section */
		24AF534626CF7D7E004CC000 /* PBXContainerItemProxy */ = {
			isa = PBXContainerItemProxy;
			containerPortal = 24AF532226CF7D7A004CC000 /* Project object */;
			proxyType = 1;
			remoteGlobalIDString = 24AF532926CF7D7A004CC000;
			remoteInfo = CCUIKit;
		};
		24AF535126CF7D7E004CC000 /* PBXContainerItemProxy */ = {
			isa = PBXContainerItemProxy;
			containerPortal = 24AF532226CF7D7A004CC000 /* Project object */;
			proxyType = 1;
			remoteGlobalIDString = 24AF532926CF7D7A004CC000;
			remoteInfo = CCUIKit;
		};
/* End PBXContainerItemProxy section */

/* Begin PBXFileReference section */
		24337B4226D337CD00A63473 /* CCColorPicker.h */ = {isa = PBXFileReference; lastKnownFileType = sourcecode.c.h; path = CCColorPicker.h; sourceTree = "<group>"; };
		24337B4326D337CD00A63473 /* CCColorPicker.m */ = {isa = PBXFileReference; lastKnownFileType = sourcecode.c.objc; path = CCColorPicker.m; sourceTree = "<group>"; };
		24337B4626D380C500A63473 /* CCTrackProtocol.h */ = {isa = PBXFileReference; lastKnownFileType = sourcecode.c.h; path = CCTrackProtocol.h; sourceTree = "<group>"; };
		24337B4726D380C500A63473 /* CCTrackProtocol.m */ = {isa = PBXFileReference; lastKnownFileType = sourcecode.c.objc; path = CCTrackProtocol.m; sourceTree = "<group>"; };
		24337B4926D381D200A63473 /* CCCircleTrack.h */ = {isa = PBXFileReference; lastKnownFileType = sourcecode.c.h; path = CCCircleTrack.h; sourceTree = "<group>"; };
		24337B4A26D381D200A63473 /* CCCircleTrack.m */ = {isa = PBXFileReference; lastKnownFileType = sourcecode.c.objc; path = CCCircleTrack.m; sourceTree = "<group>"; };
		24337B4C26D3825500A63473 /* CCRingTrack.h */ = {isa = PBXFileReference; lastKnownFileType = sourcecode.c.h; path = CCRingTrack.h; sourceTree = "<group>"; };
		24337B4D26D3825500A63473 /* CCRingTrack.m */ = {isa = PBXFileReference; lastKnownFileType = sourcecode.c.objc; path = CCRingTrack.m; sourceTree = "<group>"; };
		24AF532A26CF7D7A004CC000 /* CCUIKit.app */ = {isa = PBXFileReference; explicitFileType = wrapper.application; includeInIndex = 0; path = CCUIKit.app; sourceTree = BUILT_PRODUCTS_DIR; };
		24AF532D26CF7D7A004CC000 /* AppDelegate.h */ = {isa = PBXFileReference; lastKnownFileType = sourcecode.c.h; path = AppDelegate.h; sourceTree = "<group>"; };
		24AF532E26CF7D7A004CC000 /* AppDelegate.m */ = {isa = PBXFileReference; lastKnownFileType = sourcecode.c.objc; path = AppDelegate.m; sourceTree = "<group>"; };
		24AF533026CF7D7A004CC000 /* SceneDelegate.h */ = {isa = PBXFileReference; lastKnownFileType = sourcecode.c.h; path = SceneDelegate.h; sourceTree = "<group>"; };
		24AF533126CF7D7A004CC000 /* SceneDelegate.m */ = {isa = PBXFileReference; lastKnownFileType = sourcecode.c.objc; path = SceneDelegate.m; sourceTree = "<group>"; };
		24AF533326CF7D7A004CC000 /* ViewController.h */ = {isa = PBXFileReference; lastKnownFileType = sourcecode.c.h; path = ViewController.h; sourceTree = "<group>"; };
		24AF533426CF7D7A004CC000 /* ViewController.m */ = {isa = PBXFileReference; lastKnownFileType = sourcecode.c.objc; path = ViewController.m; sourceTree = "<group>"; };
		24AF533726CF7D7A004CC000 /* Base */ = {isa = PBXFileReference; lastKnownFileType = file.storyboard; name = Base; path = Base.lproj/Main.storyboard; sourceTree = "<group>"; };
		24AF533926CF7D7E004CC000 /* Assets.xcassets */ = {isa = PBXFileReference; lastKnownFileType = folder.assetcatalog; path = Assets.xcassets; sourceTree = "<group>"; };
		24AF533C26CF7D7E004CC000 /* Base */ = {isa = PBXFileReference; lastKnownFileType = file.storyboard; name = Base; path = Base.lproj/LaunchScreen.storyboard; sourceTree = "<group>"; };
		24AF533E26CF7D7E004CC000 /* Info.plist */ = {isa = PBXFileReference; lastKnownFileType = text.plist.xml; path = Info.plist; sourceTree = "<group>"; };
		24AF533F26CF7D7E004CC000 /* main.m */ = {isa = PBXFileReference; lastKnownFileType = sourcecode.c.objc; path = main.m; sourceTree = "<group>"; };
		24AF534526CF7D7E004CC000 /* CCUIKitTests.xctest */ = {isa = PBXFileReference; explicitFileType = wrapper.cfbundle; includeInIndex = 0; path = CCUIKitTests.xctest; sourceTree = BUILT_PRODUCTS_DIR; };
		24AF534926CF7D7E004CC000 /* CCUIKitTests.m */ = {isa = PBXFileReference; lastKnownFileType = sourcecode.c.objc; path = CCUIKitTests.m; sourceTree = "<group>"; };
		24AF534B26CF7D7E004CC000 /* Info.plist */ = {isa = PBXFileReference; lastKnownFileType = text.plist.xml; path = Info.plist; sourceTree = "<group>"; };
		24AF535026CF7D7E004CC000 /* CCUIKitUITests.xctest */ = {isa = PBXFileReference; explicitFileType = wrapper.cfbundle; includeInIndex = 0; path = CCUIKitUITests.xctest; sourceTree = BUILT_PRODUCTS_DIR; };
		24AF535426CF7D7E004CC000 /* CCUIKitUITests.m */ = {isa = PBXFileReference; lastKnownFileType = sourcecode.c.objc; path = CCUIKitUITests.m; sourceTree = "<group>"; };
		24AF535626CF7D7E004CC000 /* Info.plist */ = {isa = PBXFileReference; lastKnownFileType = text.plist.xml; path = Info.plist; sourceTree = "<group>"; };
		24AF536226CF80B5004CC000 /* CCGradientRingLayer.h */ = {isa = PBXFileReference; lastKnownFileType = sourcecode.c.h; path = CCGradientRingLayer.h; sourceTree = "<group>"; };
		24AF536326CF80B5004CC000 /* CCGradientRingLayer.m */ = {isa = PBXFileReference; lastKnownFileType = sourcecode.c.objc; path = CCGradientRingLayer.m; sourceTree = "<group>"; };
/* End PBXFileReference section */

/* Begin PBXFrameworksBuildPhase section */
		24AF532726CF7D7A004CC000 /* Frameworks */ = {
			isa = PBXFrameworksBuildPhase;
			buildActionMask = 2147483647;
			files = (
			);
			runOnlyForDeploymentPostprocessing = 0;
		};
		24AF534226CF7D7E004CC000 /* Frameworks */ = {
			isa = PBXFrameworksBuildPhase;
			buildActionMask = 2147483647;
			files = (
			);
			runOnlyForDeploymentPostprocessing = 0;
		};
		24AF534D26CF7D7E004CC000 /* Frameworks */ = {
			isa = PBXFrameworksBuildPhase;
			buildActionMask = 2147483647;
			files = (
			);
			runOnlyForDeploymentPostprocessing = 0;
		};
/* End PBXFrameworksBuildPhase section */

/* Begin PBXGroup section */
		2423F79526D484AA00525EFF /* Classes */ = {
			isa = PBXGroup;
			children = (
				24337B4526D337D200A63473 /* ColorPicker */,
			);
			path = Classes;
			sourceTree = "<group>";
		};
		24337B4526D337D200A63473 /* ColorPicker */ = {
			isa = PBXGroup;
			children = (
				24AF536226CF80B5004CC000 /* CCGradientRingLayer.h */,
				24AF536326CF80B5004CC000 /* CCGradientRingLayer.m */,
				24337B4226D337CD00A63473 /* CCColorPicker.h */,
				24337B4326D337CD00A63473 /* CCColorPicker.m */,
				24337B4626D380C500A63473 /* CCTrackProtocol.h */,
				24337B4726D380C500A63473 /* CCTrackProtocol.m */,
				24337B4926D381D200A63473 /* CCCircleTrack.h */,
				24337B4A26D381D200A63473 /* CCCircleTrack.m */,
				24337B4C26D3825500A63473 /* CCRingTrack.h */,
				24337B4D26D3825500A63473 /* CCRingTrack.m */,
			);
			path = ColorPicker;
			sourceTree = "<group>";
		};
		24AF532126CF7D7A004CC000 = {
			isa = PBXGroup;
			children = (
				2423F79526D484AA00525EFF /* Classes */,
				24AF532C26CF7D7A004CC000 /* CCUIKit */,
				24AF534826CF7D7E004CC000 /* CCUIKitTests */,
				24AF535326CF7D7E004CC000 /* CCUIKitUITests */,
				24AF532B26CF7D7A004CC000 /* Products */,
			);
			sourceTree = "<group>";
		};
		24AF532B26CF7D7A004CC000 /* Products */ = {
			isa = PBXGroup;
			children = (
				24AF532A26CF7D7A004CC000 /* CCUIKit.app */,
				24AF534526CF7D7E004CC000 /* CCUIKitTests.xctest */,
				24AF535026CF7D7E004CC000 /* CCUIKitUITests.xctest */,
			);
			name = Products;
			sourceTree = "<group>";
		};
		24AF532C26CF7D7A004CC000 /* CCUIKit */ = {
			isa = PBXGroup;
			children = (
				24AF532D26CF7D7A004CC000 /* AppDelegate.h */,
				24AF532E26CF7D7A004CC000 /* AppDelegate.m */,
				24AF533026CF7D7A004CC000 /* SceneDelegate.h */,
				24AF533126CF7D7A004CC000 /* SceneDelegate.m */,
				24AF533326CF7D7A004CC000 /* ViewController.h */,
				24AF533426CF7D7A004CC000 /* ViewController.m */,
				24AF533626CF7D7A004CC000 /* Main.storyboard */,
				24AF533926CF7D7E004CC000 /* Assets.xcassets */,
				24AF533B26CF7D7E004CC000 /* LaunchScreen.storyboard */,
				24AF533E26CF7D7E004CC000 /* Info.plist */,
				24AF533F26CF7D7E004CC000 /* main.m */,
			);
			path = CCUIKit;
			sourceTree = "<group>";
		};
		24AF534826CF7D7E004CC000 /* CCUIKitTests */ = {
			isa = PBXGroup;
			children = (
				24AF534926CF7D7E004CC000 /* CCUIKitTests.m */,
				24AF534B26CF7D7E004CC000 /* Info.plist */,
			);
			path = CCUIKitTests;
			sourceTree = "<group>";
		};
		24AF535326CF7D7E004CC000 /* CCUIKitUITests */ = {
			isa = PBXGroup;
			children = (
				24AF535426CF7D7E004CC000 /* CCUIKitUITests.m */,
				24AF535626CF7D7E004CC000 /* Info.plist */,
			);
			path = CCUIKitUITests;
			sourceTree = "<group>";
		};
/* End PBXGroup section */

/* Begin PBXNativeTarget section */
		24AF532926CF7D7A004CC000 /* CCUIKit */ = {
			isa = PBXNativeTarget;
			buildConfigurationList = 24AF535926CF7D7E004CC000 /* Build configuration list for PBXNativeTarget "CCUIKit" */;
			buildPhases = (
				24AF532626CF7D7A004CC000 /* Sources */,
				24AF532726CF7D7A004CC000 /* Frameworks */,
				24AF532826CF7D7A004CC000 /* Resources */,
			);
			buildRules = (
			);
			dependencies = (
			);
			name = CCUIKit;
			productName = CCUIKit;
			productReference = 24AF532A26CF7D7A004CC000 /* CCUIKit.app */;
			productType = "com.apple.product-type.application";
		};
		24AF534426CF7D7E004CC000 /* CCUIKitTests */ = {
			isa = PBXNativeTarget;
			buildConfigurationList = 24AF535C26CF7D7E004CC000 /* Build configuration list for PBXNativeTarget "CCUIKitTests" */;
			buildPhases = (
				24AF534126CF7D7E004CC000 /* Sources */,
				24AF534226CF7D7E004CC000 /* Frameworks */,
				24AF534326CF7D7E004CC000 /* Resources */,
			);
			buildRules = (
			);
			dependencies = (
				24AF534726CF7D7E004CC000 /* PBXTargetDependency */,
			);
			name = CCUIKitTests;
			productName = CCUIKitTests;
			productReference = 24AF534526CF7D7E004CC000 /* CCUIKitTests.xctest */;
			productType = "com.apple.product-type.bundle.unit-test";
		};
		24AF534F26CF7D7E004CC000 /* CCUIKitUITests */ = {
			isa = PBXNativeTarget;
			buildConfigurationList = 24AF535F26CF7D7E004CC000 /* Build configuration list for PBXNativeTarget "CCUIKitUITests" */;
			buildPhases = (
				24AF534C26CF7D7E004CC000 /* Sources */,
				24AF534D26CF7D7E004CC000 /* Frameworks */,
				24AF534E26CF7D7E004CC000 /* Resources */,
			);
			buildRules = (
			);
			dependencies = (
				24AF535226CF7D7E004CC000 /* PBXTargetDependency */,
			);
			name = CCUIKitUITests;
			productName = CCUIKitUITests;
			productReference = 24AF535026CF7D7E004CC000 /* CCUIKitUITests.xctest */;
			productType = "com.apple.product-type.bundle.ui-testing";
		};
/* End PBXNativeTarget section */

/* Begin PBXProject section */
		24AF532226CF7D7A004CC000 /* Project object */ = {
			isa = PBXProject;
			attributes = {
				LastUpgradeCheck = 1250;
				TargetAttributes = {
					24AF532926CF7D7A004CC000 = {
						CreatedOnToolsVersion = 12.5.1;
					};
					24AF534426CF7D7E004CC000 = {
						CreatedOnToolsVersion = 12.5.1;
						TestTargetID = 24AF532926CF7D7A004CC000;
					};
					24AF534F26CF7D7E004CC000 = {
						CreatedOnToolsVersion = 12.5.1;
						TestTargetID = 24AF532926CF7D7A004CC000;
					};
				};
			};
			buildConfigurationList = 24AF532526CF7D7A004CC000 /* Build configuration list for PBXProject "CCUIKit" */;
			compatibilityVersion = "Xcode 9.3";
			developmentRegion = en;
			hasScannedForEncodings = 0;
			knownRegions = (
				en,
				Base,
			);
			mainGroup = 24AF532126CF7D7A004CC000;
			productRefGroup = 24AF532B26CF7D7A004CC000 /* Products */;
			projectDirPath = "";
			projectRoot = "";
			targets = (
				24AF532926CF7D7A004CC000 /* CCUIKit */,
				24AF534426CF7D7E004CC000 /* CCUIKitTests */,
				24AF534F26CF7D7E004CC000 /* CCUIKitUITests */,
			);
		};
/* End PBXProject section */

/* Begin PBXResourcesBuildPhase section */
		24AF532826CF7D7A004CC000 /* Resources */ = {
			isa = PBXResourcesBuildPhase;
			buildActionMask = 2147483647;
			files = (
				24AF533D26CF7D7E004CC000 /* LaunchScreen.storyboard in Resources */,
				24AF533A26CF7D7E004CC000 /* Assets.xcassets in Resources */,
				24AF533826CF7D7A004CC000 /* Main.storyboard in Resources */,
			);
			runOnlyForDeploymentPostprocessing = 0;
		};
		24AF534326CF7D7E004CC000 /* Resources */ = {
			isa = PBXResourcesBuildPhase;
			buildActionMask = 2147483647;
			files = (
			);
			runOnlyForDeploymentPostprocessing = 0;
		};
		24AF534E26CF7D7E004CC000 /* Resources */ = {
			isa = PBXResourcesBuildPhase;
			buildActionMask = 2147483647;
			files = (
			);
			runOnlyForDeploymentPostprocessing = 0;
		};
/* End PBXResourcesBuildPhase section */

/* Begin PBXSourcesBuildPhase section */
		24AF532626CF7D7A004CC000 /* Sources */ = {
			isa = PBXSourcesBuildPhase;
			buildActionMask = 2147483647;
			files = (
				24AF533526CF7D7A004CC000 /* ViewController.m in Sources */,
				24337B4426D337CE00A63473 /* CCColorPicker.m in Sources */,
				24AF532F26CF7D7A004CC000 /* AppDelegate.m in Sources */,
				24337B4E26D3825500A63473 /* CCRingTrack.m in Sources */,
				24AF534026CF7D7E004CC000 /* main.m in Sources */,
				24AF533226CF7D7A004CC000 /* SceneDelegate.m in Sources */,
				24337B4826D380C500A63473 /* CCTrackProtocol.m in Sources */,
				24AF536426CF80B5004CC000 /* CCGradientRingLayer.m in Sources */,
				24337B4B26D381D200A63473 /* CCCircleTrack.m in Sources */,
			);
			runOnlyForDeploymentPostprocessing = 0;
		};
		24AF534126CF7D7E004CC000 /* Sources */ = {
			isa = PBXSourcesBuildPhase;
			buildActionMask = 2147483647;
			files = (
				24AF534A26CF7D7E004CC000 /* CCUIKitTests.m in Sources */,
			);
			runOnlyForDeploymentPostprocessing = 0;
		};
		24AF534C26CF7D7E004CC000 /* Sources */ = {
			isa = PBXSourcesBuildPhase;
			buildActionMask = 2147483647;
			files = (
				24AF535526CF7D7E004CC000 /* CCUIKitUITests.m in Sources */,
			);
			runOnlyForDeploymentPostprocessing = 0;
		};
/* End PBXSourcesBuildPhase section */

/* Begin PBXTargetDependency section */
		24AF534726CF7D7E004CC000 /* PBXTargetDependency */ = {
			isa = PBXTargetDependency;
			target = 24AF532926CF7D7A004CC000 /* CCUIKit */;
			targetProxy = 24AF534626CF7D7E004CC000 /* PBXContainerItemProxy */;
		};
		24AF535226CF7D7E004CC000 /* PBXTargetDependency */ = {
			isa = PBXTargetDependency;
			target = 24AF532926CF7D7A004CC000 /* CCUIKit */;
			targetProxy = 24AF535126CF7D7E004CC000 /* PBXContainerItemProxy */;
		};
/* End PBXTargetDependency section */

/* Begin PBXVariantGroup section */
		24AF533626CF7D7A004CC000 /* Main.storyboard */ = {
			isa = PBXVariantGroup;
			children = (
				24AF533726CF7D7A004CC000 /* Base */,
			);
			name = Main.storyboard;
			sourceTree = "<group>";
		};
		24AF533B26CF7D7E004CC000 /* LaunchScreen.storyboard */ = {
			isa = PBXVariantGroup;
			children = (
				24AF533C26CF7D7E004CC000 /* Base */,
			);
			name = LaunchScreen.storyboard;
			sourceTree = "<group>";
		};
/* End PBXVariantGroup section */

/* Begin XCBuildConfiguration section */
		24AF535726CF7D7E004CC000 /* Debug */ = {
			isa = XCBuildConfiguration;
			buildSettings = {
				ALWAYS_SEARCH_USER_PATHS = NO;
				CLANG_ANALYZER_NONNULL = YES;
				CLANG_ANALYZER_NUMBER_OBJECT_CONVERSION = YES_AGGRESSIVE;
				CLANG_CXX_LANGUAGE_STANDARD = "gnu++14";
				CLANG_CXX_LIBRARY = "libc++";
				CLANG_ENABLE_MODULES = YES;
				CLANG_ENABLE_OBJC_ARC = YES;
				CLANG_ENABLE_OBJC_WEAK = YES;
				CLANG_WARN_BLOCK_CAPTURE_AUTORELEASING = YES;
				CLANG_WARN_BOOL_CONVERSION = YES;
				CLANG_WARN_COMMA = YES;
				CLANG_WARN_CONSTANT_CONVERSION = YES;
				CLANG_WARN_DEPRECATED_OBJC_IMPLEMENTATIONS = YES;
				CLANG_WARN_DIRECT_OBJC_ISA_USAGE = YES_ERROR;
				CLANG_WARN_DOCUMENTATION_COMMENTS = YES;
				CLANG_WARN_EMPTY_BODY = YES;
				CLANG_WARN_ENUM_CONVERSION = YES;
				CLANG_WARN_INFINITE_RECURSION = YES;
				CLANG_WARN_INT_CONVERSION = YES;
				CLANG_WARN_NON_LITERAL_NULL_CONVERSION = YES;
				CLANG_WARN_OBJC_IMPLICIT_RETAIN_SELF = YES;
				CLANG_WARN_OBJC_LITERAL_CONVERSION = YES;
				CLANG_WARN_OBJC_ROOT_CLASS = YES_ERROR;
				CLANG_WARN_QUOTED_INCLUDE_IN_FRAMEWORK_HEADER = YES;
				CLANG_WARN_RANGE_LOOP_ANALYSIS = YES;
				CLANG_WARN_STRICT_PROTOTYPES = YES;
				CLANG_WARN_SUSPICIOUS_MOVE = YES;
				CLANG_WARN_UNGUARDED_AVAILABILITY = YES_AGGRESSIVE;
				CLANG_WARN_UNREACHABLE_CODE = YES;
				CLANG_WARN__DUPLICATE_METHOD_MATCH = YES;
				COPY_PHASE_STRIP = NO;
				DEBUG_INFORMATION_FORMAT = dwarf;
				ENABLE_STRICT_OBJC_MSGSEND = YES;
				ENABLE_TESTABILITY = YES;
				GCC_C_LANGUAGE_STANDARD = gnu11;
				GCC_DYNAMIC_NO_PIC = NO;
				GCC_NO_COMMON_BLOCKS = YES;
				GCC_OPTIMIZATION_LEVEL = 0;
				GCC_PREPROCESSOR_DEFINITIONS = (
					"DEBUG=1",
					"$(inherited)",
				);
				GCC_WARN_64_TO_32_BIT_CONVERSION = YES;
				GCC_WARN_ABOUT_RETURN_TYPE = YES_ERROR;
				GCC_WARN_UNDECLARED_SELECTOR = YES;
				GCC_WARN_UNINITIALIZED_AUTOS = YES_AGGRESSIVE;
				GCC_WARN_UNUSED_FUNCTION = YES;
				GCC_WARN_UNUSED_VARIABLE = YES;
				IPHONEOS_DEPLOYMENT_TARGET = 14.5;
				MTL_ENABLE_DEBUG_INFO = INCLUDE_SOURCE;
				MTL_FAST_MATH = YES;
				ONLY_ACTIVE_ARCH = YES;
				SDKROOT = iphoneos;
			};
			name = Debug;
		};
		24AF535826CF7D7E004CC000 /* Release */ = {
			isa = XCBuildConfiguration;
			buildSettings = {
				ALWAYS_SEARCH_USER_PATHS = NO;
				CLANG_ANALYZER_NONNULL = YES;
				CLANG_ANALYZER_NUMBER_OBJECT_CONVERSION = YES_AGGRESSIVE;
				CLANG_CXX_LANGUAGE_STANDARD = "gnu++14";
				CLANG_CXX_LIBRARY = "libc++";
				CLANG_ENABLE_MODULES = YES;
				CLANG_ENABLE_OBJC_ARC = YES;
				CLANG_ENABLE_OBJC_WEAK = YES;
				CLANG_WARN_BLOCK_CAPTURE_AUTORELEASING = YES;
				CLANG_WARN_BOOL_CONVERSION = YES;
				CLANG_WARN_COMMA = YES;
				CLANG_WARN_CONSTANT_CONVERSION = YES;
				CLANG_WARN_DEPRECATED_OBJC_IMPLEMENTATIONS = YES;
				CLANG_WARN_DIRECT_OBJC_ISA_USAGE = YES_ERROR;
				CLANG_WARN_DOCUMENTATION_COMMENTS = YES;
				CLANG_WARN_EMPTY_BODY = YES;
				CLANG_WARN_ENUM_CONVERSION = YES;
				CLANG_WARN_INFINITE_RECURSION = YES;
				CLANG_WARN_INT_CONVERSION = YES;
				CLANG_WARN_NON_LITERAL_NULL_CONVERSION = YES;
				CLANG_WARN_OBJC_IMPLICIT_RETAIN_SELF = YES;
				CLANG_WARN_OBJC_LITERAL_CONVERSION = YES;
				CLANG_WARN_OBJC_ROOT_CLASS = YES_ERROR;
				CLANG_WARN_QUOTED_INCLUDE_IN_FRAMEWORK_HEADER = YES;
				CLANG_WARN_RANGE_LOOP_ANALYSIS = YES;
				CLANG_WARN_STRICT_PROTOTYPES = YES;
				CLANG_WARN_SUSPICIOUS_MOVE = YES;
				CLANG_WARN_UNGUARDED_AVAILABILITY = YES_AGGRESSIVE;
				CLANG_WARN_UNREACHABLE_CODE = YES;
				CLANG_WARN__DUPLICATE_METHOD_MATCH = YES;
				COPY_PHASE_STRIP = NO;
				DEBUG_INFORMATION_FORMAT = "dwarf-with-dsym";
				ENABLE_NS_ASSERTIONS = NO;
				ENABLE_STRICT_OBJC_MSGSEND = YES;
				GCC_C_LANGUAGE_STANDARD = gnu11;
				GCC_NO_COMMON_BLOCKS = YES;
				GCC_WARN_64_TO_32_BIT_CONVERSION = YES;
				GCC_WARN_ABOUT_RETURN_TYPE = YES_ERROR;
				GCC_WARN_UNDECLARED_SELECTOR = YES;
				GCC_WARN_UNINITIALIZED_AUTOS = YES_AGGRESSIVE;
				GCC_WARN_UNUSED_FUNCTION = YES;
				GCC_WARN_UNUSED_VARIABLE = YES;
				IPHONEOS_DEPLOYMENT_TARGET = 14.5;
				MTL_ENABLE_DEBUG_INFO = NO;
				MTL_FAST_MATH = YES;
				SDKROOT = iphoneos;
				VALIDATE_PRODUCT = YES;
			};
			name = Release;
		};
		24AF535A26CF7D7E004CC000 /* Debug */ = {
			isa = XCBuildConfiguration;
			buildSettings = {
				ASSETCATALOG_COMPILER_APPICON_NAME = AppIcon;
				ASSETCATALOG_COMPILER_GLOBAL_ACCENT_COLOR_NAME = AccentColor;
				CODE_SIGN_STYLE = Automatic;
				DEVELOPMENT_TEAM = Q6GAG79FX3;
				INFOPLIST_FILE = CCUIKit/Info.plist;
				IPHONEOS_DEPLOYMENT_TARGET = 9.0;
				LD_RUNPATH_SEARCH_PATHS = (
					"$(inherited)",
					"@executable_path/Frameworks",
				);
				PRODUCT_BUNDLE_IDENTIFIER = cn.com.cchip.CCUIKit;
				PRODUCT_NAME = "$(TARGET_NAME)";
				TARGETED_DEVICE_FAMILY = "1,2";
			};
			name = Debug;
		};
		24AF535B26CF7D7E004CC000 /* Release */ = {
			isa = XCBuildConfiguration;
			buildSettings = {
				ASSETCATALOG_COMPILER_APPICON_NAME = AppIcon;
				ASSETCATALOG_COMPILER_GLOBAL_ACCENT_COLOR_NAME = AccentColor;
				CODE_SIGN_STYLE = Automatic;
				DEVELOPMENT_TEAM = Q6GAG79FX3;
				INFOPLIST_FILE = CCUIKit/Info.plist;
				IPHONEOS_DEPLOYMENT_TARGET = 9.0;
				LD_RUNPATH_SEARCH_PATHS = (
					"$(inherited)",
					"@executable_path/Frameworks",
				);
				PRODUCT_BUNDLE_IDENTIFIER = cn.com.cchip.CCUIKit;
				PRODUCT_NAME = "$(TARGET_NAME)";
				TARGETED_DEVICE_FAMILY = "1,2";
			};
			name = Release;
		};
		24AF535D26CF7D7E004CC000 /* Debug */ = {
			isa = XCBuildConfiguration;
			buildSettings = {
				BUNDLE_LOADER = "$(TEST_HOST)";
				CODE_SIGN_STYLE = Automatic;
				DEVELOPMENT_TEAM = Q6GAG79FX3;
				INFOPLIST_FILE = CCUIKitTests/Info.plist;
				IPHONEOS_DEPLOYMENT_TARGET = 14.5;
				LD_RUNPATH_SEARCH_PATHS = (
					"$(inherited)",
					"@executable_path/Frameworks",
					"@loader_path/Frameworks",
				);
				PRODUCT_BUNDLE_IDENTIFIER = cn.com.cchip.CCUIKitTests;
				PRODUCT_NAME = "$(TARGET_NAME)";
				TARGETED_DEVICE_FAMILY = "1,2";
				TEST_HOST = "$(BUILT_PRODUCTS_DIR)/CCUIKit.app/CCUIKit";
			};
			name = Debug;
		};
		24AF535E26CF7D7E004CC000 /* Release */ = {
			isa = XCBuildConfiguration;
			buildSettings = {
				BUNDLE_LOADER = "$(TEST_HOST)";
				CODE_SIGN_STYLE = Automatic;
				DEVELOPMENT_TEAM = Q6GAG79FX3;
				INFOPLIST_FILE = CCUIKitTests/Info.plist;
				IPHONEOS_DEPLOYMENT_TARGET = 14.5;
				LD_RUNPATH_SEARCH_PATHS = (
					"$(inherited)",
					"@executable_path/Frameworks",
					"@loader_path/Frameworks",
				);
				PRODUCT_BUNDLE_IDENTIFIER = cn.com.cchip.CCUIKitTests;
				PRODUCT_NAME = "$(TARGET_NAME)";
				TARGETED_DEVICE_FAMILY = "1,2";
				TEST_HOST = "$(BUILT_PRODUCTS_DIR)/CCUIKit.app/CCUIKit";
			};
			name = Release;
		};
		24AF536026CF7D7E004CC000 /* Debug */ = {
			isa = XCBuildConfiguration;
			buildSettings = {
				CODE_SIGN_STYLE = Automatic;
				DEVELOPMENT_TEAM = Q6GAG79FX3;
				INFOPLIST_FILE = CCUIKitUITests/Info.plist;
				LD_RUNPATH_SEARCH_PATHS = (
					"$(inherited)",
					"@executable_path/Frameworks",
					"@loader_path/Frameworks",
				);
				PRODUCT_BUNDLE_IDENTIFIER = cn.com.cchip.CCUIKitUITests;
				PRODUCT_NAME = "$(TARGET_NAME)";
				TARGETED_DEVICE_FAMILY = "1,2";
				TEST_TARGET_NAME = CCUIKit;
			};
			name = Debug;
		};
		24AF536126CF7D7E004CC000 /* Release */ = {
			isa = XCBuildConfiguration;
			buildSettings = {
				CODE_SIGN_STYLE = Automatic;
				DEVELOPMENT_TEAM = Q6GAG79FX3;
				INFOPLIST_FILE = CCUIKitUITests/Info.plist;
				LD_RUNPATH_SEARCH_PATHS = (
					"$(inherited)",
					"@executable_path/Frameworks",
					"@loader_path/Frameworks",
				);
				PRODUCT_BUNDLE_IDENTIFIER = cn.com.cchip.CCUIKitUITests;
				PRODUCT_NAME = "$(TARGET_NAME)";
				TARGETED_DEVICE_FAMILY = "1,2";
				TEST_TARGET_NAME = CCUIKit;
			};
			name = Release;
		};
/* End XCBuildConfiguration section */

/* Begin XCConfigurationList section */
		24AF532526CF7D7A004CC000 /* Build configuration list for PBXProject "CCUIKit" */ = {
			isa = XCConfigurationList;
			buildConfigurations = (
				24AF535726CF7D7E004CC000 /* Debug */,
				24AF535826CF7D7E004CC000 /* Release */,
			);
			defaultConfigurationIsVisible = 0;
			defaultConfigurationName = Release;
		};
		24AF535926CF7D7E004CC000 /* Build configuration list for PBXNativeTarget "CCUIKit" */ = {
			isa = XCConfigurationList;
			buildConfigurations = (
				24AF535A26CF7D7E004CC000 /* Debug */,
				24AF535B26CF7D7E004CC000 /* Release */,
			);
			defaultConfigurationIsVisible = 0;
			defaultConfigurationName = Release;
		};
		24AF535C26CF7D7E004CC000 /* Build configuration list for PBXNativeTarget "CCUIKitTests" */ = {
			isa = XCConfigurationList;
			buildConfigurations = (
				24AF535D26CF7D7E004CC000 /* Debug */,
				24AF535E26CF7D7E004CC000 /* Release */,
			);
			defaultConfigurationIsVisible = 0;
			defaultConfigurationName = Release;
		};
		24AF535F26CF7D7E004CC000 /* Build configuration list for PBXNativeTarget "CCUIKitUITests" */ = {
			isa = XCConfigurationList;
			buildConfigurations = (
				24AF536026CF7D7E004CC000 /* Debug */,
				24AF536126CF7D7E004CC000 /* Release */,
			);
			defaultConfigurationIsVisible = 0;
			defaultConfigurationName = Release;
		};
/* End XCConfigurationList section */
	};
	rootObject = 24AF532226CF7D7A004CC000 /* Project object */;
}
